
Microsoft Visual Studio Solution File, Format Version 12.00
# Visual Studio 15
VisualStudioVersion = 15.0.28307.1231
MinimumVisualStudioVersion = 10.0.40219.1
Project("{FAE04EC0-301F-11D3-BF4B-00C04F79EFBC}") = "Guess the number", "Guess the number\Guess the number.csproj", "{552A1A9D-979C-4ED2-BCC3-C3628F8B2AC3}"
EndProject
Global
	GlobalSection(SolutionConfigurationPlatforms) = preSolution
		Debug|Any CPU = Debug|Any CPU
		Release|Any CPU = Release|Any CPU
	EndGlobalSection
	GlobalSection(ProjectConfigurationPlatforms) = postSolution
		{552A1A9D-979C-4ED2-BCC3-C3628F8B2AC3}.Debug|Any CPU.ActiveCfg = Debug|Any CPU
		{552A1A9D-979C-4ED2-BCC3-C3628F8B2AC3}.Debug|Any CPU.Build.0 = Debug|Any CPU
		{552A1A9D-979C-4ED2-BCC3-C3628F8B2AC3}.Release|Any CPU.ActiveCfg = Release|Any CPU
		{552A1A9D-979C-4ED2-BCC3-C3628F8B2AC3}.Release|Any CPU.Build.0 = Release|Any CPU
	EndGlobalSection
	GlobalSection(SolutionProperties) = preSolution
		HideSolutionNode = FALSE
	EndGlobalSection
	GlobalSection(ExtensibilityGlobals) = postSolution
		SolutionGuid = {CEF1328B-6558-4224-AAB4-C05F8C8C874A}
	EndGlobalSection
EndGlobal
